
Microsoft Visual Studio Solution File, Format Version 12.00
# Visual Studio Version 17
VisualStudioVersion = 17.2.32630.192
MinimumVisualStudioVersion = 10.0.40219.1
Project("{FAE04EC0-301F-11D3-BF4B-00C04F79EFBC}") = "lab_3", "lab_3\lab_3.csproj", "{BCB8321E-95E7-4BDF-9570-F0A7B235EA01}"
EndProject
Global
	GlobalSection(SolutionConfigurationPlatforms) = preSolution
		Debug|Any CPU = Debug|Any CPU
		Release|Any CPU = Release|Any CPU
	EndGlobalSection
	GlobalSection(ProjectConfigurationPlatforms) = postSolution
		{BCB8321E-95E7-4BDF-9570-F0A7B235EA01}.Debug|Any CPU.ActiveCfg = Debug|Any CPU
		{BCB8321E-95E7-4BDF-9570-F0A7B235EA01}.Debug|Any CPU.Build.0 = Debug|Any CPU
		{BCB8321E-95E7-4BDF-9570-F0A7B235EA01}.Release|Any CPU.ActiveCfg = Release|Any CPU
		{BCB8321E-95E7-4BDF-9570-F0A7B235EA01}.Release|Any CPU.Build.0 = Release|Any CPU
	EndGlobalSection
	GlobalSection(SolutionProperties) = preSolution
		HideSolutionNode = FALSE
	EndGlobalSection
	GlobalSection(ExtensibilityGlobals) = postSolution
		SolutionGuid = {5B56E7F3-FEFD-4A4A-B2D5-E8D66F9AE70B}
	EndGlobalSection
EndGlobal
